// !$*UTF8*$!
{
	archiveVersion = 1;
	classes = {
	};
	objectVersion = 50;
	objects = {

/* Begin PBXBuildFile section */
		6F5E7C9F274C036F0012AB8A /* AppDelegate.swift in Sources */ = {isa = PBXBuildFile; fileRef = 6F5E7C9E274C036F0012AB8A /* AppDelegate.swift */; };
		6F5E7CA1274C036F0012AB8A /* SceneDelegate.swift in Sources */ = {isa = PBXBuildFile; fileRef = 6F5E7CA0274C036F0012AB8A /* SceneDelegate.swift */; };
		6F5E7CA3274C036F0012AB8A /* ViewController.swift in Sources */ = {isa = PBXBuildFile; fileRef = 6F5E7CA2274C036F0012AB8A /* ViewController.swift */; };
		6F5E7CA6274C036F0012AB8A /* Main.storyboard in Resources */ = {isa = PBXBuildFile; fileRef = 6F5E7CA4274C036F0012AB8A /* Main.storyboard */; };
		6F5E7CA8274C03700012AB8A /* Assets.xcassets in Resources */ = {isa = PBXBuildFile; fileRef = 6F5E7CA7274C03700012AB8A /* Assets.xcassets */; };
		6F5E7CAB274C03700012AB8A /* LaunchScreen.storyboard in Resources */ = {isa = PBXBuildFile; fileRef = 6F5E7CA9274C03700012AB8A /* LaunchScreen.storyboard */; };
		6F5E7CB6274C03700012AB8A /* LifeCycleTests.swift in Sources */ = {isa = PBXBuildFile; fileRef = 6F5E7CB5274C03700012AB8A /* LifeCycleTests.swift */; };
		6F5E7CC1274C03700012AB8A /* LifeCycleUITests.swift in Sources */ = {isa = PBXBuildFile; fileRef = 6F5E7CC0274C03700012AB8A /* LifeCycleUITests.swift */; };
		6F5E7CCF274C04F70012AB8A /* SecondController.swift in Sources */ = {isa = PBXBuildFile; fileRef = 6F5E7CCE274C04F70012AB8A /* SecondController.swift */; };
/* End PBXBuildFile section */

/* Begin PBXContainerItemProxy section */
		6F5E7CB2274C03700012AB8A /* PBXContainerItemProxy */ = {
			isa = PBXContainerItemProxy;
			containerPortal = 6F5E7C93274C036F0012AB8A /* Project object */;
			proxyType = 1;
			remoteGlobalIDString = 6F5E7C9A274C036F0012AB8A;
			remoteInfo = LifeCycle;
		};
		6F5E7CBD274C03700012AB8A /* PBXContainerItemProxy */ = {
			isa = PBXContainerItemProxy;
			containerPortal = 6F5E7C93274C036F0012AB8A /* Project object */;
			proxyType = 1;
			remoteGlobalIDString = 6F5E7C9A274C036F0012AB8A;
			remoteInfo = LifeCycle;
		};
/* End PBXContainerItemProxy section */

/* Begin PBXFileReference section */
		6F5E7C9B274C036F0012AB8A /* LifeCycle.app */ = {isa = PBXFileReference; explicitFileType = wrapper.application; includeInIndex = 0; path = LifeCycle.app; sourceTree = BUILT_PRODUCTS_DIR; };
		6F5E7C9E274C036F0012AB8A /* AppDelegate.swift */ = {isa = PBXFileReference; lastKnownFileType = sourcecode.swift; path = AppDelegate.swift; sourceTree = "<group>"; };
		6F5E7CA0274C036F0012AB8A /* SceneDelegate.swift */ = {isa = PBXFileReference; lastKnownFileType = sourcecode.swift; path = SceneDelegate.swift; sourceTree = "<group>"; };
		6F5E7CA2274C036F0012AB8A /* ViewController.swift */ = {isa = PBXFileReference; lastKnownFileType = sourcecode.swift; path = ViewController.swift; sourceTree = "<group>"; };
		6F5E7CA5274C036F0012AB8A /* Base */ = {isa = PBXFileReference; lastKnownFileType = file.storyboard; name = Base; path = Base.lproj/Main.storyboard; sourceTree = "<group>"; };
		6F5E7CA7274C03700012AB8A /* Assets.xcassets */ = {isa = PBXFileReference; lastKnownFileType = folder.assetcatalog; path = Assets.xcassets; sourceTree = "<group>"; };
		6F5E7CAA274C03700012AB8A /* Base */ = {isa = PBXFileReference; lastKnownFileType = file.storyboard; name = Base; path = Base.lproj/LaunchScreen.storyboard; sourceTree = "<group>"; };
		6F5E7CAC274C03700012AB8A /* Info.plist */ = {isa = PBXFileReference; lastKnownFileType = text.plist.xml; path = Info.plist; sourceTree = "<group>"; };
		6F5E7CB1274C03700012AB8A /* LifeCycleTests.xctest */ = {isa = PBXFileReference; explicitFileType = wrapper.cfbundle; includeInIndex = 0; path = LifeCycleTests.xctest; sourceTree = BUILT_PRODUCTS_DIR; };
		6F5E7CB5274C03700012AB8A /* LifeCycleTests.swift */ = {isa = PBXFileReference; lastKnownFileType = sourcecode.swift; path = LifeCycleTests.swift; sourceTree = "<group>"; };
		6F5E7CB7274C03700012AB8A /* Info.plist */ = {isa = PBXFileReference; lastKnownFileType = text.plist.xml; path = Info.plist; sourceTree = "<group>"; };
		6F5E7CBC274C03700012AB8A /* LifeCycleUITests.xctest */ = {isa = PBXFileReference; explicitFileType = wrapper.cfbundle; includeInIndex = 0; path = LifeCycleUITests.xctest; sourceTree = BUILT_PRODUCTS_DIR; };
		6F5E7CC0274C03700012AB8A /* LifeCycleUITests.swift */ = {isa = PBXFileReference; lastKnownFileType = sourcecode.swift; path = LifeCycleUITests.swift; sourceTree = "<group>"; };
		6F5E7CC2274C03700012AB8A /* Info.plist */ = {isa = PBXFileReference; lastKnownFileType = text.plist.xml; path = Info.plist; sourceTree = "<group>"; };
		6F5E7CCE274C04F70012AB8A /* SecondController.swift */ = {isa = PBXFileReference; lastKnownFileType = sourcecode.swift; path = SecondController.swift; sourceTree = "<group>"; };
/* End PBXFileReference section */

/* Begin PBXFrameworksBuildPhase section */
		6F5E7C98274C036F0012AB8A /* Frameworks */ = {
			isa = PBXFrameworksBuildPhase;
			buildActionMask = 2147483647;
			files = (
			);
			runOnlyForDeploymentPostprocessing = 0;
		};
		6F5E7CAE274C03700012AB8A /* Frameworks */ = {
			isa = PBXFrameworksBuildPhase;
			buildActionMask = 2147483647;
			files = (
			);
			runOnlyForDeploymentPostprocessing = 0;
		};
		6F5E7CB9274C03700012AB8A /* Frameworks */ = {
			isa = PBXFrameworksBuildPhase;
			buildActionMask = 2147483647;
			files = (
			);
			runOnlyForDeploymentPostprocessing = 0;
		};
/* End PBXFrameworksBuildPhase section */

/* Begin PBXGroup section */
		6F5E7C92274C036F0012AB8A = {
			isa = PBXGroup;
			children = (
				6F5E7C9D274C036F0012AB8A /* LifeCycle */,
				6F5E7CB4274C03700012AB8A /* LifeCycleTests */,
				6F5E7CBF274C03700012AB8A /* LifeCycleUITests */,
				6F5E7C9C274C036F0012AB8A /* Products */,
			);
			sourceTree = "<group>";
		};
		6F5E7C9C274C036F0012AB8A /* Products */ = {
			isa = PBXGroup;
			children = (
				6F5E7C9B274C036F0012AB8A /* LifeCycle.app */,
				6F5E7CB1274C03700012AB8A /* LifeCycleTests.xctest */,
				6F5E7CBC274C03700012AB8A /* LifeCycleUITests.xctest */,
			);
			name = Products;
			sourceTree = "<group>";
		};
		6F5E7C9D274C036F0012AB8A /* LifeCycle */ = {
			isa = PBXGroup;
			children = (
				6F5E7C9E274C036F0012AB8A /* AppDelegate.swift */,
				6F5E7CA0274C036F0012AB8A /* SceneDelegate.swift */,
				6F5E7CA2274C036F0012AB8A /* ViewController.swift */,
				6F5E7CA4274C036F0012AB8A /* Main.storyboard */,
				6F5E7CA7274C03700012AB8A /* Assets.xcassets */,
				6F5E7CA9274C03700012AB8A /* LaunchScreen.storyboard */,
				6F5E7CAC274C03700012AB8A /* Info.plist */,
				6F5E7CCE274C04F70012AB8A /* SecondController.swift */,
			);
			path = LifeCycle;
			sourceTree = "<group>";
		};
		6F5E7CB4274C03700012AB8A /* LifeCycleTests */ = {
			isa = PBXGroup;
			children = (
				6F5E7CB5274C03700012AB8A /* LifeCycleTests.swift */,
				6F5E7CB7274C03700012AB8A /* Info.plist */,
			);
			path = LifeCycleTests;
			sourceTree = "<group>";
		};
		6F5E7CBF274C03700012AB8A /* LifeCycleUITests */ = {
			isa = PBXGroup;
			children = (
				6F5E7CC0274C03700012AB8A /* LifeCycleUITests.swift */,
				6F5E7CC2274C03700012AB8A /* Info.plist */,
			);
			path = LifeCycleUITests;
			sourceTree = "<group>";
		};
/* End PBXGroup section */

/* Begin PBXNativeTarget section */
		6F5E7C9A274C036F0012AB8A /* LifeCycle */ = {
			isa = PBXNativeTarget;
			buildConfigurationList = 6F5E7CC5274C03700012AB8A /* Build configuration list for PBXNativeTarget "LifeCycle" */;
			buildPhases = (
				6F5E7C97274C036F0012AB8A /* Sources */,
				6F5E7C98274C036F0012AB8A /* Frameworks */,
				6F5E7C99274C036F0012AB8A /* Resources */,
			);
			buildRules = (
			);
			dependencies = (
			);
			name = LifeCycle;
			productName = LifeCycle;
			productReference = 6F5E7C9B274C036F0012AB8A /* LifeCycle.app */;
			productType = "com.apple.product-type.application";
		};
		6F5E7CB0274C03700012AB8A /* LifeCycleTests */ = {
			isa = PBXNativeTarget;
			buildConfigurationList = 6F5E7CC8274C03700012AB8A /* Build configuration list for PBXNativeTarget "LifeCycleTests" */;
			buildPhases = (
				6F5E7CAD274C03700012AB8A /* Sources */,
				6F5E7CAE274C03700012AB8A /* Frameworks */,
				6F5E7CAF274C03700012AB8A /* Resources */,
			);
			buildRules = (
			);
			dependencies = (
				6F5E7CB3274C03700012AB8A /* PBXTargetDependency */,
			);
			name = LifeCycleTests;
			productName = LifeCycleTests;
			productReference = 6F5E7CB1274C03700012AB8A /* LifeCycleTests.xctest */;
			productType = "com.apple.product-type.bundle.unit-test";
		};
		6F5E7CBB274C03700012AB8A /* LifeCycleUITests */ = {
			isa = PBXNativeTarget;
			buildConfigurationList = 6F5E7CCB274C03700012AB8A /* Build configuration list for PBXNativeTarget "LifeCycleUITests" */;
			buildPhases = (
				6F5E7CB8274C03700012AB8A /* Sources */,
				6F5E7CB9274C03700012AB8A /* Frameworks */,
				6F5E7CBA274C03700012AB8A /* Resources */,
			);
			buildRules = (
			);
			dependencies = (
				6F5E7CBE274C03700012AB8A /* PBXTargetDependency */,
			);
			name = LifeCycleUITests;
			productName = LifeCycleUITests;
			productReference = 6F5E7CBC274C03700012AB8A /* LifeCycleUITests.xctest */;
			productType = "com.apple.product-type.bundle.ui-testing";
		};
/* End PBXNativeTarget section */

/* Begin PBXProject section */
		6F5E7C93274C036F0012AB8A /* Project object */ = {
			isa = PBXProject;
			attributes = {
				LastSwiftUpdateCheck = 1250;
				LastUpgradeCheck = 1250;
				TargetAttributes = {
					6F5E7C9A274C036F0012AB8A = {
						CreatedOnToolsVersion = 12.5;
					};
					6F5E7CB0274C03700012AB8A = {
						CreatedOnToolsVersion = 12.5;
						TestTargetID = 6F5E7C9A274C036F0012AB8A;
					};
					6F5E7CBB274C03700012AB8A = {
						CreatedOnToolsVersion = 12.5;
						TestTargetID = 6F5E7C9A274C036F0012AB8A;
					};
				};
			};
			buildConfigurationList = 6F5E7C96274C036F0012AB8A /* Build configuration list for PBXProject "LifeCycle" */;
			compatibilityVersion = "Xcode 9.3";
			developmentRegion = en;
			hasScannedForEncodings = 0;
			knownRegions = (
				en,
				Base,
			);
			mainGroup = 6F5E7C92274C036F0012AB8A;
			productRefGroup = 6F5E7C9C274C036F0012AB8A /* Products */;
			projectDirPath = "";
			projectRoot = "";
			targets = (
				6F5E7C9A274C036F0012AB8A /* LifeCycle */,
				6F5E7CB0274C03700012AB8A /* LifeCycleTests */,
				6F5E7CBB274C03700012AB8A /* LifeCycleUITests */,
			);
		};
/* End PBXProject section */

/* Begin PBXResourcesBuildPhase section */
		6F5E7C99274C036F0012AB8A /* Resources */ = {
			isa = PBXResourcesBuildPhase;
			buildActionMask = 2147483647;
			files = (
				6F5E7CAB274C03700012AB8A /* LaunchScreen.storyboard in Resources */,
				6F5E7CA8274C03700012AB8A /* Assets.xcassets in Resources */,
				6F5E7CA6274C036F0012AB8A /* Main.storyboard in Resources */,
			);
			runOnlyForDeploymentPostprocessing = 0;
		};
		6F5E7CAF274C03700012AB8A /* Resources */ = {
			isa = PBXResourcesBuildPhase;
			buildActionMask = 2147483647;
			files = (
			);
			runOnlyForDeploymentPostprocessing = 0;
		};
		6F5E7CBA274C03700012AB8A /* Resources */ = {
			isa = PBXResourcesBuildPhase;
			buildActionMask = 2147483647;
			files = (
			);
			runOnlyForDeploymentPostprocessing = 0;
		};
/* End PBXResourcesBuildPhase section */

/* Begin PBXSourcesBuildPhase section */
		6F5E7C97274C036F0012AB8A /* Sources */ = {
			isa = PBXSourcesBuildPhase;
			buildActionMask = 2147483647;
			files = (
				6F5E7CA3274C036F0012AB8A /* ViewController.swift in Sources */,
				6F5E7CCF274C04F70012AB8A /* SecondController.swift in Sources */,
				6F5E7C9F274C036F0012AB8A /* AppDelegate.swift in Sources */,
				6F5E7CA1274C036F0012AB8A /* SceneDelegate.swift in Sources */,
			);
			runOnlyForDeploymentPostprocessing = 0;
		};
		6F5E7CAD274C03700012AB8A /* Sources */ = {
			isa = PBXSourcesBuildPhase;
			buildActionMask = 2147483647;
			files = (
				6F5E7CB6274C03700012AB8A /* LifeCycleTests.swift in Sources */,
			);
			runOnlyForDeploymentPostprocessing = 0;
		};
		6F5E7CB8274C03700012AB8A /* Sources */ = {
			isa = PBXSourcesBuildPhase;
			buildActionMask = 2147483647;
			files = (
				6F5E7CC1274C03700012AB8A /* LifeCycleUITests.swift in Sources */,
			);
			runOnlyForDeploymentPostprocessing = 0;
		};
/* End PBXSourcesBuildPhase section */

/* Begin PBXTargetDependency section */
		6F5E7CB3274C03700012AB8A /* PBXTargetDependency */ = {
			isa = PBXTargetDependency;
			target = 6F5E7C9A274C036F0012AB8A /* LifeCycle */;
			targetProxy = 6F5E7CB2274C03700012AB8A /* PBXContainerItemProxy */;
		};
		6F5E7CBE274C03700012AB8A /* PBXTargetDependency */ = {
			isa = PBXTargetDependency;
			target = 6F5E7C9A274C036F0012AB8A /* LifeCycle */;
			targetProxy = 6F5E7CBD274C03700012AB8A /* PBXContainerItemProxy */;
		};
/* End PBXTargetDependency section */

/* Begin PBXVariantGroup section */
		6F5E7CA4274C036F0012AB8A /* Main.storyboard */ = {
			isa = PBXVariantGroup;
			children = (
				6F5E7CA5274C036F0012AB8A /* Base */,
			);
			name = Main.storyboard;
			sourceTree = "<group>";
		};
		6F5E7CA9274C03700012AB8A /* LaunchScreen.storyboard */ = {
			isa = PBXVariantGroup;
			children = (
				6F5E7CAA274C03700012AB8A /* Base */,
			);
			name = LaunchScreen.storyboard;
			sourceTree = "<group>";
		};
/* End PBXVariantGroup section */

/* Begin XCBuildConfiguration section */
		6F5E7CC3274C03700012AB8A /* Debug */ = {
			isa = XCBuildConfiguration;
			buildSettings = {
				ALWAYS_SEARCH_USER_PATHS = NO;
				CLANG_ANALYZER_NONNULL = YES;
				CLANG_ANALYZER_NUMBER_OBJECT_CONVERSION = YES_AGGRESSIVE;
				CLANG_CXX_LANGUAGE_STANDARD = "gnu++14";
				CLANG_CXX_LIBRARY = "libc++";
				CLANG_ENABLE_MODULES = YES;
				CLANG_ENABLE_OBJC_ARC = YES;
				CLANG_ENABLE_OBJC_WEAK = YES;
				CLANG_WARN_BLOCK_CAPTURE_AUTORELEASING = YES;
				CLANG_WARN_BOOL_CONVERSION = YES;
				CLANG_WARN_COMMA = YES;
				CLANG_WARN_CONSTANT_CONVERSION = YES;
				CLANG_WARN_DEPRECATED_OBJC_IMPLEMENTATIONS = YES;
				CLANG_WARN_DIRECT_OBJC_ISA_USAGE = YES_ERROR;
				CLANG_WARN_DOCUMENTATION_COMMENTS = YES;
				CLANG_WARN_EMPTY_BODY = YES;
				CLANG_WARN_ENUM_CONVERSION = YES;
				CLANG_WARN_INFINITE_RECURSION = YES;
				CLANG_WARN_INT_CONVERSION = YES;
				CLANG_WARN_NON_LITERAL_NULL_CONVERSION = YES;
				CLANG_WARN_OBJC_IMPLICIT_RETAIN_SELF = YES;
				CLANG_WARN_OBJC_LITERAL_CONVERSION = YES;
				CLANG_WARN_OBJC_ROOT_CLASS = YES_ERROR;
				CLANG_WARN_QUOTED_INCLUDE_IN_FRAMEWORK_HEADER = YES;
				CLANG_WARN_RANGE_LOOP_ANALYSIS = YES;
				CLANG_WARN_STRICT_PROTOTYPES = YES;
				CLANG_WARN_SUSPICIOUS_MOVE = YES;
				CLANG_WARN_UNGUARDED_AVAILABILITY = YES_AGGRESSIVE;
				CLANG_WARN_UNREACHABLE_CODE = YES;
				CLANG_WARN__DUPLICATE_METHOD_MATCH = YES;
				COPY_PHASE_STRIP = NO;
				DEBUG_INFORMATION_FORMAT = dwarf;
				ENABLE_STRICT_OBJC_MSGSEND = YES;
				ENABLE_TESTABILITY = YES;
				GCC_C_LANGUAGE_STANDARD = gnu11;
				GCC_DYNAMIC_NO_PIC = NO;
				GCC_NO_COMMON_BLOCKS = YES;
				GCC_OPTIMIZATION_LEVEL = 0;
				GCC_PREPROCESSOR_DEFINITIONS = (
					"DEBUG=1",
					"$(inherited)",
				);
				GCC_WARN_64_TO_32_BIT_CONVERSION = YES;
				GCC_WARN_ABOUT_RETURN_TYPE = YES_ERROR;
				GCC_WARN_UNDECLARED_SELECTOR = YES;
				GCC_WARN_UNINITIALIZED_AUTOS = YES_AGGRESSIVE;
				GCC_WARN_UNUSED_FUNCTION = YES;
				GCC_WARN_UNUSED_VARIABLE = YES;
				IPHONEOS_DEPLOYMENT_TARGET = 14.5;
				MTL_ENABLE_DEBUG_INFO = INCLUDE_SOURCE;
				MTL_FAST_MATH = YES;
				ONLY_ACTIVE_ARCH = YES;
				SDKROOT = iphoneos;
				SWIFT_ACTIVE_COMPILATION_CONDITIONS = DEBUG;
				SWIFT_OPTIMIZATION_LEVEL = "-Onone";
			};
			name = Debug;
		};
		6F5E7CC4274C03700012AB8A /* Release */ = {
			isa = XCBuildConfiguration;
			buildSettings = {
				ALWAYS_SEARCH_USER_PATHS = NO;
				CLANG_ANALYZER_NONNULL = YES;
				CLANG_ANALYZER_NUMBER_OBJECT_CONVERSION = YES_AGGRESSIVE;
				CLANG_CXX_LANGUAGE_STANDARD = "gnu++14";
				CLANG_CXX_LIBRARY = "libc++";
				CLANG_ENABLE_MODULES = YES;
				CLANG_ENABLE_OBJC_ARC = YES;
				CLANG_ENABLE_OBJC_WEAK = YES;
				CLANG_WARN_BLOCK_CAPTURE_AUTORELEASING = YES;
				CLANG_WARN_BOOL_CONVERSION = YES;
				CLANG_WARN_COMMA = YES;
				CLANG_WARN_CONSTANT_CONVERSION = YES;
				CLANG_WARN_DEPRECATED_OBJC_IMPLEMENTATIONS = YES;
				CLANG_WARN_DIRECT_OBJC_ISA_USAGE = YES_ERROR;
				CLANG_WARN_DOCUMENTATION_COMMENTS = YES;
				CLANG_WARN_EMPTY_BODY = YES;
				CLANG_WARN_ENUM_CONVERSION = YES;
				CLANG_WARN_INFINITE_RECURSION = YES;
				CLANG_WARN_INT_CONVERSION = YES;
				CLANG_WARN_NON_LITERAL_NULL_CONVERSION = YES;
				CLANG_WARN_OBJC_IMPLICIT_RETAIN_SELF = YES;
				CLANG_WARN_OBJC_LITERAL_CONVERSION = YES;
				CLANG_WARN_OBJC_ROOT_CLASS = YES_ERROR;
				CLANG_WARN_QUOTED_INCLUDE_IN_FRAMEWORK_HEADER = YES;
				CLANG_WARN_RANGE_LOOP_ANALYSIS = YES;
				CLANG_WARN_STRICT_PROTOTYPES = YES;
				CLANG_WARN_SUSPICIOUS_MOVE = YES;
				CLANG_WARN_UNGUARDED_AVAILABILITY = YES_AGGRESSIVE;
				CLANG_WARN_UNREACHABLE_CODE = YES;
				CLANG_WARN__DUPLICATE_METHOD_MATCH = YES;
				COPY_PHASE_STRIP = NO;
				DEBUG_INFORMATION_FORMAT = "dwarf-with-dsym";
				ENABLE_NS_ASSERTIONS = NO;
				ENABLE_STRICT_OBJC_MSGSEND = YES;
				GCC_C_LANGUAGE_STANDARD = gnu11;
				GCC_NO_COMMON_BLOCKS = YES;
				GCC_WARN_64_TO_32_BIT_CONVERSION = YES;
				GCC_WARN_ABOUT_RETURN_TYPE = YES_ERROR;
				GCC_WARN_UNDECLARED_SELECTOR = YES;
				GCC_WARN_UNINITIALIZED_AUTOS = YES_AGGRESSIVE;
				GCC_WARN_UNUSED_FUNCTION = YES;
				GCC_WARN_UNUSED_VARIABLE = YES;
				IPHONEOS_DEPLOYMENT_TARGET = 14.5;
				MTL_ENABLE_DEBUG_INFO = NO;
				MTL_FAST_MATH = YES;
				SDKROOT = iphoneos;
				SWIFT_COMPILATION_MODE = wholemodule;
				SWIFT_OPTIMIZATION_LEVEL = "-O";
				VALIDATE_PRODUCT = YES;
			};
			name = Release;
		};
		6F5E7CC6274C03700012AB8A /* Debug */ = {
			isa = XCBuildConfiguration;
			buildSettings = {
				ASSETCATALOG_COMPILER_APPICON_NAME = AppIcon;
				ASSETCATALOG_COMPILER_GLOBAL_ACCENT_COLOR_NAME = AccentColor;
				CODE_SIGN_STYLE = Automatic;
				DEVELOPMENT_TEAM = A3EA2QJTV5;
				INFOPLIST_FILE = LifeCycle/Info.plist;
				LD_RUNPATH_SEARCH_PATHS = (
					"$(inherited)",
					"@executable_path/Frameworks",
				);
				PRODUCT_BUNDLE_IDENTIFIER = study.LifeCycle;
				PRODUCT_NAME = "$(TARGET_NAME)";
				SWIFT_VERSION = 5.0;
				TARGETED_DEVICE_FAMILY = "1,2";
			};
			name = Debug;
		};
		6F5E7CC7274C03700012AB8A /* Release */ = {
			isa = XCBuildConfiguration;
			buildSettings = {
				ASSETCATALOG_COMPILER_APPICON_NAME = AppIcon;
				ASSETCATALOG_COMPILER_GLOBAL_ACCENT_COLOR_NAME = AccentColor;
				CODE_SIGN_STYLE = Automatic;
				DEVELOPMENT_TEAM = A3EA2QJTV5;
				INFOPLIST_FILE = LifeCycle/Info.plist;
				LD_RUNPATH_SEARCH_PATHS = (
					"$(inherited)",
					"@executable_path/Frameworks",
				);
				PRODUCT_BUNDLE_IDENTIFIER = study.LifeCycle;
				PRODUCT_NAME = "$(TARGET_NAME)";
				SWIFT_VERSION = 5.0;
				TARGETED_DEVICE_FAMILY = "1,2";
			};
			name = Release;
		};
		6F5E7CC9274C03700012AB8A /* Debug */ = {
			isa = XCBuildConfiguration;
			buildSettings = {
				ALWAYS_EMBED_SWIFT_STANDARD_LIBRARIES = YES;
				BUNDLE_LOADER = "$(TEST_HOST)";
				CODE_SIGN_STYLE = Automatic;
				DEVELOPMENT_TEAM = A3EA2QJTV5;
				INFOPLIST_FILE = LifeCycleTests/Info.plist;
				IPHONEOS_DEPLOYMENT_TARGET = 14.5;
				LD_RUNPATH_SEARCH_PATHS = (
					"$(inherited)",
					"@executable_path/Frameworks",
					"@loader_path/Frameworks",
				);
				PRODUCT_BUNDLE_IDENTIFIER = study.LifeCycleTests;
				PRODUCT_NAME = "$(TARGET_NAME)";
				SWIFT_VERSION = 5.0;
				TARGETED_DEVICE_FAMILY = "1,2";
				TEST_HOST = "$(BUILT_PRODUCTS_DIR)/LifeCycle.app/LifeCycle";
			};
			name = Debug;
		};
		6F5E7CCA274C03700012AB8A /* Release */ = {
			isa = XCBuildConfiguration;
			buildSettings = {
				ALWAYS_EMBED_SWIFT_STANDARD_LIBRARIES = YES;
				BUNDLE_LOADER = "$(TEST_HOST)";
				CODE_SIGN_STYLE = Automatic;
				DEVELOPMENT_TEAM = A3EA2QJTV5;
				INFOPLIST_FILE = LifeCycleTests/Info.plist;
				IPHONEOS_DEPLOYMENT_TARGET = 14.5;
				LD_RUNPATH_SEARCH_PATHS = (
					"$(inherited)",
					"@executable_path/Frameworks",
					"@loader_path/Frameworks",
				);
				PRODUCT_BUNDLE_IDENTIFIER = study.LifeCycleTests;
				PRODUCT_NAME = "$(TARGET_NAME)";
				SWIFT_VERSION = 5.0;
				TARGETED_DEVICE_FAMILY = "1,2";
				TEST_HOST = "$(BUILT_PRODUCTS_DIR)/LifeCycle.app/LifeCycle";
			};
			name = Release;
		};
		6F5E7CCC274C03700012AB8A /* Debug */ = {
			isa = XCBuildConfiguration;
			buildSettings = {
				ALWAYS_EMBED_SWIFT_STANDARD_LIBRARIES = YES;
				CODE_SIGN_STYLE = Automatic;
				DEVELOPMENT_TEAM = A3EA2QJTV5;
				INFOPLIST_FILE = LifeCycleUITests/Info.plist;
				LD_RUNPATH_SEARCH_PATHS = (
					"$(inherited)",
					"@executable_path/Frameworks",
					"@loader_path/Frameworks",
				);
				PRODUCT_BUNDLE_IDENTIFIER = study.LifeCycleUITests;
				PRODUCT_NAME = "$(TARGET_NAME)";
				SWIFT_VERSION = 5.0;
				TARGETED_DEVICE_FAMILY = "1,2";
				TEST_TARGET_NAME = LifeCycle;
			};
			name = Debug;
		};
		6F5E7CCD274C03700012AB8A /* Release */ = {
			isa = XCBuildConfiguration;
			buildSettings = {
				ALWAYS_EMBED_SWIFT_STANDARD_LIBRARIES = YES;
				CODE_SIGN_STYLE = Automatic;
				DEVELOPMENT_TEAM = A3EA2QJTV5;
				INFOPLIST_FILE = LifeCycleUITests/Info.plist;
				LD_RUNPATH_SEARCH_PATHS = (
					"$(inherited)",
					"@executable_path/Frameworks",
					"@loader_path/Frameworks",
				);
				PRODUCT_BUNDLE_IDENTIFIER = study.LifeCycleUITests;
				PRODUCT_NAME = "$(TARGET_NAME)";
				SWIFT_VERSION = 5.0;
				TARGETED_DEVICE_FAMILY = "1,2";
				TEST_TARGET_NAME = LifeCycle;
			};
			name = Release;
		};
/* End XCBuildConfiguration section */

/* Begin XCConfigurationList section */
		6F5E7C96274C036F0012AB8A /* Build configuration list for PBXProject "LifeCycle" */ = {
			isa = XCConfigurationList;
			buildConfigurations = (
				6F5E7CC3274C03700012AB8A /* Debug */,
				6F5E7CC4274C03700012AB8A /* Release */,
			);
			defaultConfigurationIsVisible = 0;
			defaultConfigurationName = Release;
		};
		6F5E7CC5274C03700012AB8A /* Build configuration list for PBXNativeTarget "LifeCycle" */ = {
			isa = XCConfigurationList;
			buildConfigurations = (
				6F5E7CC6274C03700012AB8A /* Debug */,
				6F5E7CC7274C03700012AB8A /* Release */,
			);
			defaultConfigurationIsVisible = 0;
			defaultConfigurationName = Release;
		};
		6F5E7CC8274C03700012AB8A /* Build configuration list for PBXNativeTarget "LifeCycleTests" */ = {
			isa = XCConfigurationList;
			buildConfigurations = (
				6F5E7CC9274C03700012AB8A /* Debug */,
				6F5E7CCA274C03700012AB8A /* Release */,
			);
			defaultConfigurationIsVisible = 0;
			defaultConfigurationName = Release;
		};
		6F5E7CCB274C03700012AB8A /* Build configuration list for PBXNativeTarget "LifeCycleUITests" */ = {
			isa = XCConfigurationList;
			buildConfigurations = (
				6F5E7CCC274C03700012AB8A /* Debug */,
				6F5E7CCD274C03700012AB8A /* Release */,
			);
			defaultConfigurationIsVisible = 0;
			defaultConfigurationName = Release;
		};
/* End XCConfigurationList section */
	};
	rootObject = 6F5E7C93274C036F0012AB8A /* Project object */;
}
